
Microsoft Visual Studio Solution File, Format Version 12.00
# Visual Studio Version 17
VisualStudioVersion = 17.3.32811.315
MinimumVisualStudioVersion = 10.0.40219.1
Project("{8BC9CEB8-8B4A-11D0-8D11-00A0C91BC942}") = "SuperMarket", "SuperMarket.vcxproj", "{D9E59446-19A4-47C1-9E2D-DA918D93C590}"
EndProject
Global
	GlobalSection(SolutionConfigurationPlatforms) = preSolution
		Debug|x64 = Debug|x64
		Debug|x86 = Debug|x86
		Release|x64 = Release|x64
		Release|x86 = Release|x86
	EndGlobalSection
	GlobalSection(ProjectConfigurationPlatforms) = postSolution
		{D9E59446-19A4-47C1-9E2D-DA918D93C590}.Debug|x64.ActiveCfg = Debug|x64
		{D9E59446-19A4-47C1-9E2D-DA918D93C590}.Debug|x64.Build.0 = Debug|x64
		{D9E59446-19A4-47C1-9E2D-DA918D93C590}.Debug|x86.ActiveCfg = Debug|Win32
		{D9E59446-19A4-47C1-9E2D-DA918D93C590}.Debug|x86.Build.0 = Debug|Win32
		{D9E59446-19A4-47C1-9E2D-DA918D93C590}.Release|x64.ActiveCfg = Release|x64
		{D9E59446-19A4-47C1-9E2D-DA918D93C590}.Release|x64.Build.0 = Release|x64
		{D9E59446-19A4-47C1-9E2D-DA918D93C590}.Release|x86.ActiveCfg = Release|Win32
		{D9E59446-19A4-47C1-9E2D-DA918D93C590}.Release|x86.Build.0 = Release|Win32
	EndGlobalSection
	GlobalSection(SolutionProperties) = preSolution
		HideSolutionNode = FALSE
	EndGlobalSection
	GlobalSection(ExtensibilityGlobals) = postSolution
		SolutionGuid = {400E23DA-9FEA-4361-8C0A-FE14D14806B5}
	EndGlobalSection
EndGlobal
